
Microsoft Visual Studio Solution File, Format Version 12.00
# Visual Studio Version 17
VisualStudioVersion = 17.6.33829.357
MinimumVisualStudioVersion = 10.0.40219.1
Project("{FAE04EC0-301F-11D3-BF4B-00C04F79EFBC}") = "OGRENCİNOTHESAPLAMA_CONSTRUCTORS_İLE", "OGRENCİNOTHESAPLAMA_CONSTRUCTORS_İLE\OGRENCİNOTHESAPLAMA_CONSTRUCTORS_İLE.csproj", "{71332D9C-40F1-47E4-8CC4-98ED0209EFDD}"
EndProject
Global
	GlobalSection(SolutionConfigurationPlatforms) = preSolution
		Debug|Any CPU = Debug|Any CPU
		Release|Any CPU = Release|Any CPU
	EndGlobalSection
	GlobalSection(ProjectConfigurationPlatforms) = postSolution
		{71332D9C-40F1-47E4-8CC4-98ED0209EFDD}.Debug|Any CPU.ActiveCfg = Debug|Any CPU
		{71332D9C-40F1-47E4-8CC4-98ED0209EFDD}.Debug|Any CPU.Build.0 = Debug|Any CPU
		{71332D9C-40F1-47E4-8CC4-98ED0209EFDD}.Release|Any CPU.ActiveCfg = Release|Any CPU
		{71332D9C-40F1-47E4-8CC4-98ED0209EFDD}.Release|Any CPU.Build.0 = Release|Any CPU
	EndGlobalSection
	GlobalSection(SolutionProperties) = preSolution
		HideSolutionNode = FALSE
	EndGlobalSection
	GlobalSection(ExtensibilityGlobals) = postSolution
		SolutionGuid = {492576E0-BA3F-4C99-8422-E82E19F8FCBA}
	EndGlobalSection
EndGlobal
